{
  "version": 4,
  "terraform_version": "1.1.1",
  "serial": 4,
  "lineage": "c34cd30e-7087-a172-5a88-6cc841f6f36c",
  "outputs": {
    "Bucket": {
      "value": {
        "bucket": {
          "autoclass": [],
          "cors": [],
          "custom_placement_config": [],
          "default_event_based_hold": false,
          "encryption": [],
          "force_destroy": false,
          "id": "sukesh-9020-main",
          "labels": {},
          "lifecycle_rule": [],
          "location": "US-EAST1",
          "logging": [],
          "name": "sukesh-9020-main",
          "project": "rapid-pottery-381800",
          "public_access_prevention": "inherited",
          "requester_pays": false,
          "retention_policy": [],
          "self_link": "https://www.googleapis.com/storage/v1/b/sukesh-9020-main",
          "storage_class": "STANDARD",
          "timeouts": null,
          "uniform_bucket_level_access": true,
          "url": "gs://sukesh-9020-main",
          "versioning": [
            {
              "enabled": true
            }
          ],
          "website": []
        },
        "name": "sukesh-9020-main",
        "url": "gs://sukesh-9020-main"
      },
      "type": [
        "object",
        {
          "bucket": [
            "object",
            {
              "autoclass": [
                "list",
                [
                  "object",
                  {
                    "enabled": "bool"
                  }
                ]
              ],
              "cors": [
                "list",
                [
                  "object",
                  {
                    "max_age_seconds": "number",
                    "method": [
                      "list",
                      "string"
                    ],
                    "origin": [
                      "list",
                      "string"
                    ],
                    "response_header": [
                      "list",
                      "string"
                    ]
                  }
                ]
              ],
              "custom_placement_config": [
                "list",
                [
                  "object",
                  {
                    "data_locations": [
                      "set",
                      "string"
                    ]
                  }
                ]
              ],
              "default_event_based_hold": "bool",
              "encryption": [
                "list",
                [
                  "object",
                  {
                    "default_kms_key_name": "string"
                  }
                ]
              ],
              "force_destroy": "bool",
              "id": "string",
              "labels": [
                "map",
                "string"
              ],
              "lifecycle_rule": [
                "list",
                [
                  "object",
                  {
                    "action": [
                      "set",
                      [
                        "object",
                        {
                          "storage_class": "string",
                          "type": "string"
                        }
                      ]
                    ],
                    "condition": [
                      "set",
                      [
                        "object",
                        {
                          "age": "number",
                          "created_before": "string",
                          "custom_time_before": "string",
                          "days_since_custom_time": "number",
                          "days_since_noncurrent_time": "number",
                          "matches_prefix": [
                            "list",
                            "string"
                          ],
                          "matches_storage_class": [
                            "list",
                            "string"
                          ],
                          "matches_suffix": [
                            "list",
                            "string"
                          ],
                          "noncurrent_time_before": "string",
                          "num_newer_versions": "number",
                          "with_state": "string"
                        }
                      ]
                    ]
                  }
                ]
              ],
              "location": "string",
              "logging": [
                "list",
                [
                  "object",
                  {
                    "log_bucket": "string",
                    "log_object_prefix": "string"
                  }
                ]
              ],
              "name": "string",
              "project": "string",
              "public_access_prevention": "string",
              "requester_pays": "bool",
              "retention_policy": [
                "list",
                [
                  "object",
                  {
                    "is_locked": "bool",
                    "retention_period": "number"
                  }
                ]
              ],
              "self_link": "string",
              "storage_class": "string",
              "timeouts": [
                "object",
                {
                  "create": "string",
                  "read": "string",
                  "update": "string"
                }
              ],
              "uniform_bucket_level_access": "bool",
              "url": "string",
              "versioning": [
                "list",
                [
                  "object",
                  {
                    "enabled": "bool"
                  }
                ]
              ],
              "website": [
                "list",
                [
                  "object",
                  {
                    "main_page_suffix": "string",
                    "not_found_page": "string"
                  }
                ]
              ]
            }
          ],
          "name": "string",
          "url": "string"
        }
      ]
    },
    "Bucket-name": {
      "value": "sukesh-9020-main",
      "type": "string"
    }
  },
  "resources": [
    {
      "module": "module.bucket",
      "mode": "managed",
      "type": "google_storage_bucket",
      "name": "bucket",
      "provider": "provider[\"registry.terraform.io/hashicorp/google\"]",
      "instances": [
        {
          "schema_version": 0,
          "attributes": {
            "autoclass": [],
            "cors": [],
            "custom_placement_config": [],
            "default_event_based_hold": false,
            "encryption": [],
            "force_destroy": false,
            "id": "sukesh-9020-main",
            "labels": {},
            "lifecycle_rule": [],
            "location": "US-EAST1",
            "logging": [],
            "name": "sukesh-9020-main",
            "project": "rapid-pottery-381800",
            "public_access_prevention": "inherited",
            "requester_pays": false,
            "retention_policy": [],
            "self_link": "https://www.googleapis.com/storage/v1/b/sukesh-9020-main",
            "storage_class": "STANDARD",
            "timeouts": null,
            "uniform_bucket_level_access": true,
            "url": "gs://sukesh-9020-main",
            "versioning": [
              {
                "enabled": true
              }
            ],
            "website": []
          },
          "sensitive_attributes": [],
          "private": "eyJlMmJmYjczMC1lY2FhLTExZTYtOGY4OC0zNDM2M2JjN2M0YzAiOnsiY3JlYXRlIjo2MDAwMDAwMDAwMDAsInJlYWQiOjI0MDAwMDAwMDAwMCwidXBkYXRlIjoyNDAwMDAwMDAwMDB9fQ=="
        }
      ]
    },
    {
      "module": "module.network_vpc",
      "mode": "managed",
      "type": "google_compute_network",
      "name": "network",
      "provider": "provider[\"registry.terraform.io/hashicorp/google\"]",
      "instances": [
        {
          "schema_version": 0,
          "attributes": {
            "auto_create_subnetworks": false,
            "delete_default_routes_on_create": false,
            "description": "",
            "enable_ula_internal_ipv6": false,
            "gateway_ipv4": "",
            "id": "projects/rapid-pottery-381800/global/networks/sukesh-9020-main-vpc",
            "internal_ipv6_range": "",
            "mtu": 0,
            "name": "sukesh-9020-main-vpc",
            "network_firewall_policy_enforcement_order": "AFTER_CLASSIC_FIREWALL",
            "project": "rapid-pottery-381800",
            "routing_mode": "GLOBAL",
            "self_link": "https://www.googleapis.com/compute/v1/projects/rapid-pottery-381800/global/networks/sukesh-9020-main-vpc",
            "timeouts": null
          },
          "sensitive_attributes": [],
          "private": "eyJlMmJmYjczMC1lY2FhLTExZTYtOGY4OC0zNDM2M2JjN2M0YzAiOnsiY3JlYXRlIjoxMjAwMDAwMDAwMDAwLCJkZWxldGUiOjEyMDAwMDAwMDAwMDAsInVwZGF0ZSI6MTIwMDAwMDAwMDAwMH19"
        }
      ]
    }
  ]
}
